
Microsoft Visual Studio Solution File, Format Version 12.00
# Visual Studio Version 17
VisualStudioVersion = 17.14.36705.20
MinimumVisualStudioVersion = 10.0.40219.1
Project("{FAE04EC0-301F-11D3-BF4B-00C04F79EFBC}") = "EncryptedAssemblyLoader.Interfaces", "EncryptedAssemblyLoader.Interfaces\EncryptedAssemblyLoader.Interfaces.csproj", "{8F8507F5-C0DE-ADCD-EAC2-3F3F820E12BD}"
EndProject
Project("{FAE04EC0-301F-11D3-BF4B-00C04F79EFBC}") = "EncryptedAssemblyLoader.Implementation", "EncryptedAssemblyLoader.Implementation\EncryptedAssemblyLoader.Implementation.csproj", "{1D395BA3-7A7E-4D84-8E32-2B3DC148D13F}"
EndProject
Project("{FAE04EC0-301F-11D3-BF4B-00C04F79EFBC}") = "EncryptedAssemblyLoader.DependencyInjection", "EncryptedAssemblyLoader.DependencyInjection\EncryptedAssemblyLoader.DependencyInjection.csproj", "{6D2FA47F-7F83-4D4A-85B3-058649F1A40E}"
EndProject
Global
	GlobalSection(SolutionConfigurationPlatforms) = preSolution
		Debug|Any CPU = Debug|Any CPU
		Release|Any CPU = Release|Any CPU
	EndGlobalSection
	GlobalSection(ProjectConfigurationPlatforms) = postSolution
		{8F8507F5-C0DE-ADCD-EAC2-3F3F820E12BD}.Debug|Any CPU.ActiveCfg = Debug|Any CPU
		{8F8507F5-C0DE-ADCD-EAC2-3F3F820E12BD}.Debug|Any CPU.Build.0 = Debug|Any CPU
		{8F8507F5-C0DE-ADCD-EAC2-3F3F820E12BD}.Release|Any CPU.ActiveCfg = Release|Any CPU
		{8F8507F5-C0DE-ADCD-EAC2-3F3F820E12BD}.Release|Any CPU.Build.0 = Release|Any CPU
		{1D395BA3-7A7E-4D84-8E32-2B3DC148D13F}.Debug|Any CPU.ActiveCfg = Debug|Any CPU
		{1D395BA3-7A7E-4D84-8E32-2B3DC148D13F}.Debug|Any CPU.Build.0 = Debug|Any CPU
		{1D395BA3-7A7E-4D84-8E32-2B3DC148D13F}.Release|Any CPU.ActiveCfg = Release|Any CPU
		{1D395BA3-7A7E-4D84-8E32-2B3DC148D13F}.Release|Any CPU.Build.0 = Release|Any CPU
		{6D2FA47F-7F83-4D4A-85B3-058649F1A40E}.Debug|Any CPU.ActiveCfg = Debug|Any CPU
		{6D2FA47F-7F83-4D4A-85B3-058649F1A40E}.Debug|Any CPU.Build.0 = Debug|Any CPU
		{6D2FA47F-7F83-4D4A-85B3-058649F1A40E}.Release|Any CPU.ActiveCfg = Release|Any CPU
		{6D2FA47F-7F83-4D4A-85B3-058649F1A40E}.Release|Any CPU.Build.0 = Release|Any CPU
	EndGlobalSection
	GlobalSection(SolutionProperties) = preSolution
		HideSolutionNode = FALSE
	EndGlobalSection
	GlobalSection(ExtensibilityGlobals) = postSolution
		SolutionGuid = {EDCB78B2-FD40-4551-AF66-E742C8DC7375}
	EndGlobalSection
EndGlobal
